// !$*UTF8*$!
{
	archiveVersion = 1;
	classes = {
	};
	objectVersion = 50;
	objects = {

/* Begin PBXBuildFile section */
		7C19C6112452B90100DCCD0B /* AppDelegate.swift in Sources */ = {isa = PBXBuildFile; fileRef = 7C19C6102452B90100DCCD0B /* AppDelegate.swift */; };
		7C19C6132452B90100DCCD0B /* SceneDelegate.swift in Sources */ = {isa = PBXBuildFile; fileRef = 7C19C6122452B90100DCCD0B /* SceneDelegate.swift */; };
		7C19C6152452B90100DCCD0B /* ViewController.swift in Sources */ = {isa = PBXBuildFile; fileRef = 7C19C6142452B90100DCCD0B /* ViewController.swift */; };
		7C19C6182452B90100DCCD0B /* Main.storyboard in Resources */ = {isa = PBXBuildFile; fileRef = 7C19C6162452B90100DCCD0B /* Main.storyboard */; };
		7C19C61A2452B90500DCCD0B /* Assets.xcassets in Resources */ = {isa = PBXBuildFile; fileRef = 7C19C6192452B90500DCCD0B /* Assets.xcassets */; };
		7C19C61D2452B90500DCCD0B /* LaunchScreen.storyboard in Resources */ = {isa = PBXBuildFile; fileRef = 7C19C61B2452B90500DCCD0B /* LaunchScreen.storyboard */; };
/* End PBXBuildFile section */

/* Begin PBXFileReference section */
		7C19C60D2452B90100DCCD0B /* CallKitIconBlink.app */ = {isa = PBXFileReference; explicitFileType = wrapper.application; includeInIndex = 0; path = CallKitIconBlink.app; sourceTree = BUILT_PRODUCTS_DIR; };
		7C19C6102452B90100DCCD0B /* AppDelegate.swift */ = {isa = PBXFileReference; lastKnownFileType = sourcecode.swift; path = AppDelegate.swift; sourceTree = "<group>"; };
		7C19C6122452B90100DCCD0B /* SceneDelegate.swift */ = {isa = PBXFileReference; lastKnownFileType = sourcecode.swift; path = SceneDelegate.swift; sourceTree = "<group>"; };
		7C19C6142452B90100DCCD0B /* ViewController.swift */ = {isa = PBXFileReference; lastKnownFileType = sourcecode.swift; path = ViewController.swift; sourceTree = "<group>"; };
		7C19C6172452B90100DCCD0B /* Base */ = {isa = PBXFileReference; lastKnownFileType = file.storyboard; name = Base; path = Base.lproj/Main.storyboard; sourceTree = "<group>"; };
		7C19C6192452B90500DCCD0B /* Assets.xcassets */ = {isa = PBXFileReference; lastKnownFileType = folder.assetcatalog; path = Assets.xcassets; sourceTree = "<group>"; };
		7C19C61C2452B90500DCCD0B /* Base */ = {isa = PBXFileReference; lastKnownFileType = file.storyboard; name = Base; path = Base.lproj/LaunchScreen.storyboard; sourceTree = "<group>"; };
		7C19C61E2452B90500DCCD0B /* Info.plist */ = {isa = PBXFileReference; lastKnownFileType = text.plist.xml; path = Info.plist; sourceTree = "<group>"; };
/* End PBXFileReference section */

/* Begin PBXFrameworksBuildPhase section */
		7C19C60A2452B90100DCCD0B /* Frameworks */ = {
			isa = PBXFrameworksBuildPhase;
			buildActionMask = 2147483647;
			files = (
			);
			runOnlyForDeploymentPostprocessing = 0;
		};
/* End PBXFrameworksBuildPhase section */

/* Begin PBXGroup section */
		7C19C6042452B90100DCCD0B = {
			isa = PBXGroup;
			children = (
				7C19C60F2452B90100DCCD0B /* CallKitIconBlink */,
				7C19C60E2452B90100DCCD0B /* Products */,
			);
			sourceTree = "<group>";
		};
		7C19C60E2452B90100DCCD0B /* Products */ = {
			isa = PBXGroup;
			children = (
				7C19C60D2452B90100DCCD0B /* CallKitIconBlink.app */,
			);
			name = Products;
			sourceTree = "<group>";
		};
		7C19C60F2452B90100DCCD0B /* CallKitIconBlink */ = {
			isa = PBXGroup;
			children = (
				7C19C6102452B90100DCCD0B /* AppDelegate.swift */,
				7C19C6122452B90100DCCD0B /* SceneDelegate.swift */,
				7C19C6142452B90100DCCD0B /* ViewController.swift */,
				7C19C6162452B90100DCCD0B /* Main.storyboard */,
				7C19C6192452B90500DCCD0B /* Assets.xcassets */,
				7C19C61B2452B90500DCCD0B /* LaunchScreen.storyboard */,
				7C19C61E2452B90500DCCD0B /* Info.plist */,
			);
			path = CallKitIconBlink;
			sourceTree = "<group>";
		};
/* End PBXGroup section */

/* Begin PBXNativeTarget section */
		7C19C60C2452B90100DCCD0B /* CallKitIconBlink */ = {
			isa = PBXNativeTarget;
			buildConfigurationList = 7C19C6212452B90500DCCD0B /* Build configuration list for PBXNativeTarget "CallKitIconBlink" */;
			buildPhases = (
				7C19C6092452B90100DCCD0B /* Sources */,
				7C19C60A2452B90100DCCD0B /* Frameworks */,
				7C19C60B2452B90100DCCD0B /* Resources */,
			);
			buildRules = (
			);
			dependencies = (
			);
			name = CallKitIconBlink;
			productName = CallKitIconBlink;
			productReference = 7C19C60D2452B90100DCCD0B /* CallKitIconBlink.app */;
			productType = "com.apple.product-type.application";
		};
/* End PBXNativeTarget section */

/* Begin PBXProject section */
		7C19C6052452B90100DCCD0B /* Project object */ = {
			isa = PBXProject;
			attributes = {
				LastSwiftUpdateCheck = 1140;
				LastUpgradeCheck = 1140;
				ORGANIZATIONNAME = Example;
				TargetAttributes = {
					7C19C60C2452B90100DCCD0B = {
						CreatedOnToolsVersion = 11.4;
					};
				};
			};
			buildConfigurationList = 7C19C6082452B90100DCCD0B /* Build configuration list for PBXProject "CallKitIconBlink" */;
			compatibilityVersion = "Xcode 9.3";
			developmentRegion = en;
			hasScannedForEncodings = 0;
			knownRegions = (
				en,
				Base,
			);
			mainGroup = 7C19C6042452B90100DCCD0B;
			productRefGroup = 7C19C60E2452B90100DCCD0B /* Products */;
			projectDirPath = "";
			projectRoot = "";
			targets = (
				7C19C60C2452B90100DCCD0B /* CallKitIconBlink */,
			);
		};
/* End PBXProject section */

/* Begin PBXResourcesBuildPhase section */
		7C19C60B2452B90100DCCD0B /* Resources */ = {
			isa = PBXResourcesBuildPhase;
			buildActionMask = 2147483647;
			files = (
				7C19C61D2452B90500DCCD0B /* LaunchScreen.storyboard in Resources */,
				7C19C61A2452B90500DCCD0B /* Assets.xcassets in Resources */,
				7C19C6182452B90100DCCD0B /* Main.storyboard in Resources */,
			);
			runOnlyForDeploymentPostprocessing = 0;
		};
/* End PBXResourcesBuildPhase section */

/* Begin PBXSourcesBuildPhase section */
		7C19C6092452B90100DCCD0B /* Sources */ = {
			isa = PBXSourcesBuildPhase;
			buildActionMask = 2147483647;
			files = (
				7C19C6152452B90100DCCD0B /* ViewController.swift in Sources */,
				7C19C6112452B90100DCCD0B /* AppDelegate.swift in Sources */,
				7C19C6132452B90100DCCD0B /* SceneDelegate.swift in Sources */,
			);
			runOnlyForDeploymentPostprocessing = 0;
		};
/* End PBXSourcesBuildPhase section */

/* Begin PBXVariantGroup section */
		7C19C6162452B90100DCCD0B /* Main.storyboard */ = {
			isa = PBXVariantGroup;
			children = (
				7C19C6172452B90100DCCD0B /* Base */,
			);
			name = Main.storyboard;
			sourceTree = "<group>";
		};
		7C19C61B2452B90500DCCD0B /* LaunchScreen.storyboard */ = {
			isa = PBXVariantGroup;
			children = (
				7C19C61C2452B90500DCCD0B /* Base */,
			);
			name = LaunchScreen.storyboard;
			sourceTree = "<group>";
		};
/* End PBXVariantGroup section */

/* Begin XCBuildConfiguration section */
		7C19C61F2452B90500DCCD0B /* Debug */ = {
			isa = XCBuildConfiguration;
			buildSettings = {
				ALWAYS_SEARCH_USER_PATHS = NO;
				CLANG_ANALYZER_NONNULL = YES;
				CLANG_ANALYZER_NUMBER_OBJECT_CONVERSION = YES_AGGRESSIVE;
				CLANG_CXX_LANGUAGE_STANDARD = "gnu++14";
				CLANG_CXX_LIBRARY = "libc++";
				CLANG_ENABLE_MODULES = YES;
				CLANG_ENABLE_OBJC_ARC = YES;
				CLANG_ENABLE_OBJC_WEAK = YES;
				CLANG_WARN_BLOCK_CAPTURE_AUTORELEASING = YES;
				CLANG_WARN_BOOL_CONVERSION = YES;
				CLANG_WARN_COMMA = YES;
				CLANG_WARN_CONSTANT_CONVERSION = YES;
				CLANG_WARN_DEPRECATED_OBJC_IMPLEMENTATIONS = YES;
				CLANG_WARN_DIRECT_OBJC_ISA_USAGE = YES_ERROR;
				CLANG_WARN_DOCUMENTATION_COMMENTS = YES;
				CLANG_WARN_EMPTY_BODY = YES;
				CLANG_WARN_ENUM_CONVERSION = YES;
				CLANG_WARN_INFINITE_RECURSION = YES;
				CLANG_WARN_INT_CONVERSION = YES;
				CLANG_WARN_NON_LITERAL_NULL_CONVERSION = YES;
				CLANG_WARN_OBJC_IMPLICIT_RETAIN_SELF = YES;
				CLANG_WARN_OBJC_LITERAL_CONVERSION = YES;
				CLANG_WARN_OBJC_ROOT_CLASS = YES_ERROR;
				CLANG_WARN_RANGE_LOOP_ANALYSIS = YES;
				CLANG_WARN_STRICT_PROTOTYPES = YES;
				CLANG_WARN_SUSPICIOUS_MOVE = YES;
				CLANG_WARN_UNGUARDED_AVAILABILITY = YES_AGGRESSIVE;
				CLANG_WARN_UNREACHABLE_CODE = YES;
				CLANG_WARN__DUPLICATE_METHOD_MATCH = YES;
				COPY_PHASE_STRIP = NO;
				DEBUG_INFORMATION_FORMAT = dwarf;
				ENABLE_STRICT_OBJC_MSGSEND = YES;
				ENABLE_TESTABILITY = YES;
				GCC_C_LANGUAGE_STANDARD = gnu11;
				GCC_DYNAMIC_NO_PIC = NO;
				GCC_NO_COMMON_BLOCKS = YES;
				GCC_OPTIMIZATION_LEVEL = 0;
				GCC_PREPROCESSOR_DEFINITIONS = (
					"DEBUG=1",
					"$(inherited)",
				);
				GCC_WARN_64_TO_32_BIT_CONVERSION = YES;
				GCC_WARN_ABOUT_RETURN_TYPE = YES_ERROR;
				GCC_WARN_UNDECLARED_SELECTOR = YES;
				GCC_WARN_UNINITIALIZED_AUTOS = YES_AGGRESSIVE;
				GCC_WARN_UNUSED_FUNCTION = YES;
				GCC_WARN_UNUSED_VARIABLE = YES;
				IPHONEOS_DEPLOYMENT_TARGET = 13.4;
				MTL_ENABLE_DEBUG_INFO = INCLUDE_SOURCE;
				MTL_FAST_MATH = YES;
				ONLY_ACTIVE_ARCH = YES;
				SDKROOT = iphoneos;
				SWIFT_ACTIVE_COMPILATION_CONDITIONS = DEBUG;
				SWIFT_OPTIMIZATION_LEVEL = "-Onone";
			};
			name = Debug;
		};
		7C19C6202452B90500DCCD0B /* Release */ = {
			isa = XCBuildConfiguration;
			buildSettings = {
				ALWAYS_SEARCH_USER_PATHS = NO;
				CLANG_ANALYZER_NONNULL = YES;
				CLANG_ANALYZER_NUMBER_OBJECT_CONVERSION = YES_AGGRESSIVE;
				CLANG_CXX_LANGUAGE_STANDARD = "gnu++14";
				CLANG_CXX_LIBRARY = "libc++";
				CLANG_ENABLE_MODULES = YES;
				CLANG_ENABLE_OBJC_ARC = YES;
				CLANG_ENABLE_OBJC_WEAK = YES;
				CLANG_WARN_BLOCK_CAPTURE_AUTORELEASING = YES;
				CLANG_WARN_BOOL_CONVERSION = YES;
				CLANG_WARN_COMMA = YES;
				CLANG_WARN_CONSTANT_CONVERSION = YES;
				CLANG_WARN_DEPRECATED_OBJC_IMPLEMENTATIONS = YES;
				CLANG_WARN_DIRECT_OBJC_ISA_USAGE = YES_ERROR;
				CLANG_WARN_DOCUMENTATION_COMMENTS = YES;
				CLANG_WARN_EMPTY_BODY = YES;
				CLANG_WARN_ENUM_CONVERSION = YES;
				CLANG_WARN_INFINITE_RECURSION = YES;
				CLANG_WARN_INT_CONVERSION = YES;
				CLANG_WARN_NON_LITERAL_NULL_CONVERSION = YES;
				CLANG_WARN_OBJC_IMPLICIT_RETAIN_SELF = YES;
				CLANG_WARN_OBJC_LITERAL_CONVERSION = YES;
				CLANG_WARN_OBJC_ROOT_CLASS = YES_ERROR;
				CLANG_WARN_RANGE_LOOP_ANALYSIS = YES;
				CLANG_WARN_STRICT_PROTOTYPES = YES;
				CLANG_WARN_SUSPICIOUS_MOVE = YES;
				CLANG_WARN_UNGUARDED_AVAILABILITY = YES_AGGRESSIVE;
				CLANG_WARN_UNREACHABLE_CODE = YES;
				CLANG_WARN__DUPLICATE_METHOD_MATCH = YES;
				COPY_PHASE_STRIP = NO;
				DEBUG_INFORMATION_FORMAT = "dwarf-with-dsym";
				ENABLE_NS_ASSERTIONS = NO;
				ENABLE_STRICT_OBJC_MSGSEND = YES;
				GCC_C_LANGUAGE_STANDARD = gnu11;
				GCC_NO_COMMON_BLOCKS = YES;
				GCC_WARN_64_TO_32_BIT_CONVERSION = YES;
				GCC_WARN_ABOUT_RETURN_TYPE = YES_ERROR;
				GCC_WARN_UNDECLARED_SELECTOR = YES;
				GCC_WARN_UNINITIALIZED_AUTOS = YES_AGGRESSIVE;
				GCC_WARN_UNUSED_FUNCTION = YES;
				GCC_WARN_UNUSED_VARIABLE = YES;
				IPHONEOS_DEPLOYMENT_TARGET = 13.4;
				MTL_ENABLE_DEBUG_INFO = NO;
				MTL_FAST_MATH = YES;
				SDKROOT = iphoneos;
				SWIFT_COMPILATION_MODE = wholemodule;
				SWIFT_OPTIMIZATION_LEVEL = "-O";
				VALIDATE_PRODUCT = YES;
			};
			name = Release;
		};
		7C19C6222452B90500DCCD0B /* Debug */ = {
			isa = XCBuildConfiguration;
			buildSettings = {
				ASSETCATALOG_COMPILER_APPICON_NAME = AppIcon;
				CODE_SIGN_STYLE = Automatic;
				INFOPLIST_FILE = CallKitIconBlink/Info.plist;
				IPHONEOS_DEPLOYMENT_TARGET = 10.0;
				LD_RUNPATH_SEARCH_PATHS = (
					"$(inherited)",
					"@executable_path/Frameworks",
				);
				PRODUCT_BUNDLE_IDENTIFIER = com.example.CallKitIconBlink;
				PRODUCT_NAME = "$(TARGET_NAME)";
				SWIFT_VERSION = 5.0;
				TARGETED_DEVICE_FAMILY = "1,2";
			};
			name = Debug;
		};
		7C19C6232452B90500DCCD0B /* Release */ = {
			isa = XCBuildConfiguration;
			buildSettings = {
				ASSETCATALOG_COMPILER_APPICON_NAME = AppIcon;
				CODE_SIGN_STYLE = Automatic;
				INFOPLIST_FILE = CallKitIconBlink/Info.plist;
				IPHONEOS_DEPLOYMENT_TARGET = 10.0;
				LD_RUNPATH_SEARCH_PATHS = (
					"$(inherited)",
					"@executable_path/Frameworks",
				);
				PRODUCT_BUNDLE_IDENTIFIER = com.example.CallKitIconBlink;
				PRODUCT_NAME = "$(TARGET_NAME)";
				SWIFT_VERSION = 5.0;
				TARGETED_DEVICE_FAMILY = "1,2";
			};
			name = Release;
		};
/* End XCBuildConfiguration section */

/* Begin XCConfigurationList section */
		7C19C6082452B90100DCCD0B /* Build configuration list for PBXProject "CallKitIconBlink" */ = {
			isa = XCConfigurationList;
			buildConfigurations = (
				7C19C61F2452B90500DCCD0B /* Debug */,
				7C19C6202452B90500DCCD0B /* Release */,
			);
			defaultConfigurationIsVisible = 0;
			defaultConfigurationName = Release;
		};
		7C19C6212452B90500DCCD0B /* Build configuration list for PBXNativeTarget "CallKitIconBlink" */ = {
			isa = XCConfigurationList;
			buildConfigurations = (
				7C19C6222452B90500DCCD0B /* Debug */,
				7C19C6232452B90500DCCD0B /* Release */,
			);
			defaultConfigurationIsVisible = 0;
			defaultConfigurationName = Release;
		};
/* End XCConfigurationList section */
	};
	rootObject = 7C19C6052452B90100DCCD0B /* Project object */;
}
